
Microsoft Visual Studio Solution File, Format Version 12.00
# Visual Studio Version 17
VisualStudioVersion = 17.0.31903.59
MinimumVisualStudioVersion = 10.0.40219.1
Project("{2150E333-8FDC-42A3-9474-1A3956D46DE8}") = "src", "src", "{827E0CD3-B72D-47B6-A68D-7590B98EB39B}"
EndProject
Project("{FAE04EC0-301F-11D3-BF4B-00C04F79EFBC}") = "SmartShopPOS.Api", "src\SmartShopPOS.Api\SmartShopPOS.Api.csproj", "{3B413DCE-AD33-4694-AE76-6FE7FD4FEC8B}"
EndProject
Project("{FAE04EC0-301F-11D3-BF4B-00C04F79EFBC}") = "SmartShopPOS.Application", "src\SmartShopPOS.Application\SmartShopPOS.Application.csproj", "{AA4A7FFF-F679-4585-8F3A-52D2D0BD5B8E}"
EndProject
Project("{FAE04EC0-301F-11D3-BF4B-00C04F79EFBC}") = "SmartShopPOS.Domain", "src\SmartShopPOS.Domain\SmartShopPOS.Domain.csproj", "{3AB0F7F3-3256-46BB-9C5E-DA0573CD8C8D}"
EndProject
Project("{FAE04EC0-301F-11D3-BF4B-00C04F79EFBC}") = "SmartShopPOS.Infrastructure", "src\SmartShopPOS.Infrastructure\SmartShopPOS.Infrastructure.csproj", "{20EBA625-FA5F-463E-9424-1B93363C631C}"
EndProject
Project("{FAE04EC0-301F-11D3-BF4B-00C04F79EFBC}") = "SmartShopPOS.Contracts", "src\SmartShopPOS.Contracts\SmartShopPOS.Contracts.csproj", "{F72717C1-0F72-4378-AA73-847556420F32}"
EndProject
Project("{2150E333-8FDC-42A3-9474-1A3956D46DE8}") = "tests", "tests", "{0AB3BF05-4346-4AA6-1389-037BE0695223}"
EndProject
Project("{FAE04EC0-301F-11D3-BF4B-00C04F79EFBC}") = "SmartShopPOS.UnitTests", "tests\SmartShopPOS.UnitTests\SmartShopPOS.UnitTests.csproj", "{E90E0385-7812-4F0A-BC9B-3339A01CE4B7}"
EndProject
Project("{FAE04EC0-301F-11D3-BF4B-00C04F79EFBC}") = "SmartShopPOS.IntegrationTests", "tests\SmartShopPOS.IntegrationTests\SmartShopPOS.IntegrationTests.csproj", "{466ED8D3-02BB-4FC0-94B7-CE199F38F676}"
EndProject
Global
	GlobalSection(SolutionConfigurationPlatforms) = preSolution
		Debug|Any CPU = Debug|Any CPU
		Debug|x64 = Debug|x64
		Debug|x86 = Debug|x86
		Release|Any CPU = Release|Any CPU
		Release|x64 = Release|x64
		Release|x86 = Release|x86
	EndGlobalSection
	GlobalSection(ProjectConfigurationPlatforms) = postSolution
		{3B413DCE-AD33-4694-AE76-6FE7FD4FEC8B}.Debug|Any CPU.ActiveCfg = Debug|Any CPU
		{3B413DCE-AD33-4694-AE76-6FE7FD4FEC8B}.Debug|Any CPU.Build.0 = Debug|Any CPU
		{3B413DCE-AD33-4694-AE76-6FE7FD4FEC8B}.Debug|x64.ActiveCfg = Debug|Any CPU
		{3B413DCE-AD33-4694-AE76-6FE7FD4FEC8B}.Debug|x64.Build.0 = Debug|Any CPU
		{3B413DCE-AD33-4694-AE76-6FE7FD4FEC8B}.Debug|x86.ActiveCfg = Debug|Any CPU
		{3B413DCE-AD33-4694-AE76-6FE7FD4FEC8B}.Debug|x86.Build.0 = Debug|Any CPU
		{3B413DCE-AD33-4694-AE76-6FE7FD4FEC8B}.Release|Any CPU.ActiveCfg = Release|Any CPU
		{3B413DCE-AD33-4694-AE76-6FE7FD4FEC8B}.Release|Any CPU.Build.0 = Release|Any CPU
		{3B413DCE-AD33-4694-AE76-6FE7FD4FEC8B}.Release|x64.ActiveCfg = Release|Any CPU
		{3B413DCE-AD33-4694-AE76-6FE7FD4FEC8B}.Release|x64.Build.0 = Release|Any CPU
		{3B413DCE-AD33-4694-AE76-6FE7FD4FEC8B}.Release|x86.ActiveCfg = Release|Any CPU
		{3B413DCE-AD33-4694-AE76-6FE7FD4FEC8B}.Release|x86.Build.0 = Release|Any CPU
		{AA4A7FFF-F679-4585-8F3A-52D2D0BD5B8E}.Debug|Any CPU.ActiveCfg = Debug|Any CPU
		{AA4A7FFF-F679-4585-8F3A-52D2D0BD5B8E}.Debug|Any CPU.Build.0 = Debug|Any CPU
		{AA4A7FFF-F679-4585-8F3A-52D2D0BD5B8E}.Debug|x64.ActiveCfg = Debug|Any CPU
		{AA4A7FFF-F679-4585-8F3A-52D2D0BD5B8E}.Debug|x64.Build.0 = Debug|Any CPU
		{AA4A7FFF-F679-4585-8F3A-52D2D0BD5B8E}.Debug|x86.ActiveCfg = Debug|Any CPU
		{AA4A7FFF-F679-4585-8F3A-52D2D0BD5B8E}.Debug|x86.Build.0 = Debug|Any CPU
		{AA4A7FFF-F679-4585-8F3A-52D2D0BD5B8E}.Release|Any CPU.ActiveCfg = Release|Any CPU
		{AA4A7FFF-F679-4585-8F3A-52D2D0BD5B8E}.Release|Any CPU.Build.0 = Release|Any CPU
		{AA4A7FFF-F679-4585-8F3A-52D2D0BD5B8E}.Release|x64.ActiveCfg = Release|Any CPU
		{AA4A7FFF-F679-4585-8F3A-52D2D0BD5B8E}.Release|x64.Build.0 = Release|Any CPU
		{AA4A7FFF-F679-4585-8F3A-52D2D0BD5B8E}.Release|x86.ActiveCfg = Release|Any CPU
		{AA4A7FFF-F679-4585-8F3A-52D2D0BD5B8E}.Release|x86.Build.0 = Release|Any CPU
		{3AB0F7F3-3256-46BB-9C5E-DA0573CD8C8D}.Debug|Any CPU.ActiveCfg = Debug|Any CPU
		{3AB0F7F3-3256-46BB-9C5E-DA0573CD8C8D}.Debug|Any CPU.Build.0 = Debug|Any CPU
		{3AB0F7F3-3256-46BB-9C5E-DA0573CD8C8D}.Debug|x64.ActiveCfg = Debug|Any CPU
		{3AB0F7F3-3256-46BB-9C5E-DA0573CD8C8D}.Debug|x64.Build.0 = Debug|Any CPU
		{3AB0F7F3-3256-46BB-9C5E-DA0573CD8C8D}.Debug|x86.ActiveCfg = Debug|Any CPU
		{3AB0F7F3-3256-46BB-9C5E-DA0573CD8C8D}.Debug|x86.Build.0 = Debug|Any CPU
		{3AB0F7F3-3256-46BB-9C5E-DA0573CD8C8D}.Release|Any CPU.ActiveCfg = Release|Any CPU
		{3AB0F7F3-3256-46BB-9C5E-DA0573CD8C8D}.Release|Any CPU.Build.0 = Release|Any CPU
		{3AB0F7F3-3256-46BB-9C5E-DA0573CD8C8D}.Release|x64.ActiveCfg = Release|Any CPU
		{3AB0F7F3-3256-46BB-9C5E-DA0573CD8C8D}.Release|x64.Build.0 = Release|Any CPU
		{3AB0F7F3-3256-46BB-9C5E-DA0573CD8C8D}.Release|x86.ActiveCfg = Release|Any CPU
		{3AB0F7F3-3256-46BB-9C5E-DA0573CD8C8D}.Release|x86.Build.0 = Release|Any CPU
		{20EBA625-FA5F-463E-9424-1B93363C631C}.Debug|Any CPU.ActiveCfg = Debug|Any CPU
		{20EBA625-FA5F-463E-9424-1B93363C631C}.Debug|Any CPU.Build.0 = Debug|Any CPU
		{20EBA625-FA5F-463E-9424-1B93363C631C}.Debug|x64.ActiveCfg = Debug|Any CPU
		{20EBA625-FA5F-463E-9424-1B93363C631C}.Debug|x64.Build.0 = Debug|Any CPU
		{20EBA625-FA5F-463E-9424-1B93363C631C}.Debug|x86.ActiveCfg = Debug|Any CPU
		{20EBA625-FA5F-463E-9424-1B93363C631C}.Debug|x86.Build.0 = Debug|Any CPU
		{20EBA625-FA5F-463E-9424-1B93363C631C}.Release|Any CPU.ActiveCfg = Release|Any CPU
		{20EBA625-FA5F-463E-9424-1B93363C631C}.Release|Any CPU.Build.0 = Release|Any CPU
		{20EBA625-FA5F-463E-9424-1B93363C631C}.Release|x64.ActiveCfg = Release|Any CPU
		{20EBA625-FA5F-463E-9424-1B93363C631C}.Release|x64.Build.0 = Release|Any CPU
		{20EBA625-FA5F-463E-9424-1B93363C631C}.Release|x86.ActiveCfg = Release|Any CPU
		{20EBA625-FA5F-463E-9424-1B93363C631C}.Release|x86.Build.0 = Release|Any CPU
		{F72717C1-0F72-4378-AA73-847556420F32}.Debug|Any CPU.ActiveCfg = Debug|Any CPU
		{F72717C1-0F72-4378-AA73-847556420F32}.Debug|Any CPU.Build.0 = Debug|Any CPU
		{F72717C1-0F72-4378-AA73-847556420F32}.Debug|x64.ActiveCfg = Debug|Any CPU
		{F72717C1-0F72-4378-AA73-847556420F32}.Debug|x64.Build.0 = Debug|Any CPU
		{F72717C1-0F72-4378-AA73-847556420F32}.Debug|x86.ActiveCfg = Debug|Any CPU
		{F72717C1-0F72-4378-AA73-847556420F32}.Debug|x86.Build.0 = Debug|Any CPU
		{F72717C1-0F72-4378-AA73-847556420F32}.Release|Any CPU.ActiveCfg = Release|Any CPU
		{F72717C1-0F72-4378-AA73-847556420F32}.Release|Any CPU.Build.0 = Release|Any CPU
		{F72717C1-0F72-4378-AA73-847556420F32}.Release|x64.ActiveCfg = Release|Any CPU
		{F72717C1-0F72-4378-AA73-847556420F32}.Release|x64.Build.0 = Release|Any CPU
		{F72717C1-0F72-4378-AA73-847556420F32}.Release|x86.ActiveCfg = Release|Any CPU
		{F72717C1-0F72-4378-AA73-847556420F32}.Release|x86.Build.0 = Release|Any CPU
		{E90E0385-7812-4F0A-BC9B-3339A01CE4B7}.Debug|Any CPU.ActiveCfg = Debug|Any CPU
		{E90E0385-7812-4F0A-BC9B-3339A01CE4B7}.Debug|Any CPU.Build.0 = Debug|Any CPU
		{E90E0385-7812-4F0A-BC9B-3339A01CE4B7}.Debug|x64.ActiveCfg = Debug|Any CPU
		{E90E0385-7812-4F0A-BC9B-3339A01CE4B7}.Debug|x64.Build.0 = Debug|Any CPU
		{E90E0385-7812-4F0A-BC9B-3339A01CE4B7}.Debug|x86.ActiveCfg = Debug|Any CPU
		{E90E0385-7812-4F0A-BC9B-3339A01CE4B7}.Debug|x86.Build.0 = Debug|Any CPU
		{E90E0385-7812-4F0A-BC9B-3339A01CE4B7}.Release|Any CPU.ActiveCfg = Release|Any CPU
		{E90E0385-7812-4F0A-BC9B-3339A01CE4B7}.Release|Any CPU.Build.0 = Release|Any CPU
		{E90E0385-7812-4F0A-BC9B-3339A01CE4B7}.Release|x64.ActiveCfg = Release|Any CPU
		{E90E0385-7812-4F0A-BC9B-3339A01CE4B7}.Release|x64.Build.0 = Release|Any CPU
		{E90E0385-7812-4F0A-BC9B-3339A01CE4B7}.Release|x86.ActiveCfg = Release|Any CPU
		{E90E0385-7812-4F0A-BC9B-3339A01CE4B7}.Release|x86.Build.0 = Release|Any CPU
		{466ED8D3-02BB-4FC0-94B7-CE199F38F676}.Debug|Any CPU.ActiveCfg = Debug|Any CPU
		{466ED8D3-02BB-4FC0-94B7-CE199F38F676}.Debug|Any CPU.Build.0 = Debug|Any CPU
		{466ED8D3-02BB-4FC0-94B7-CE199F38F676}.Debug|x64.ActiveCfg = Debug|Any CPU
		{466ED8D3-02BB-4FC0-94B7-CE199F38F676}.Debug|x64.Build.0 = Debug|Any CPU
		{466ED8D3-02BB-4FC0-94B7-CE199F38F676}.Debug|x86.ActiveCfg = Debug|Any CPU
		{466ED8D3-02BB-4FC0-94B7-CE199F38F676}.Debug|x86.Build.0 = Debug|Any CPU
		{466ED8D3-02BB-4FC0-94B7-CE199F38F676}.Release|Any CPU.ActiveCfg = Release|Any CPU
		{466ED8D3-02BB-4FC0-94B7-CE199F38F676}.Release|Any CPU.Build.0 = Release|Any CPU
		{466ED8D3-02BB-4FC0-94B7-CE199F38F676}.Release|x64.ActiveCfg = Release|Any CPU
		{466ED8D3-02BB-4FC0-94B7-CE199F38F676}.Release|x64.Build.0 = Release|Any CPU
		{466ED8D3-02BB-4FC0-94B7-CE199F38F676}.Release|x86.ActiveCfg = Release|Any CPU
		{466ED8D3-02BB-4FC0-94B7-CE199F38F676}.Release|x86.Build.0 = Release|Any CPU
	EndGlobalSection
	GlobalSection(SolutionProperties) = preSolution
		HideSolutionNode = FALSE
	EndGlobalSection
	GlobalSection(NestedProjects) = preSolution
		{3B413DCE-AD33-4694-AE76-6FE7FD4FEC8B} = {827E0CD3-B72D-47B6-A68D-7590B98EB39B}
		{AA4A7FFF-F679-4585-8F3A-52D2D0BD5B8E} = {827E0CD3-B72D-47B6-A68D-7590B98EB39B}
		{3AB0F7F3-3256-46BB-9C5E-DA0573CD8C8D} = {827E0CD3-B72D-47B6-A68D-7590B98EB39B}
		{20EBA625-FA5F-463E-9424-1B93363C631C} = {827E0CD3-B72D-47B6-A68D-7590B98EB39B}
		{F72717C1-0F72-4378-AA73-847556420F32} = {827E0CD3-B72D-47B6-A68D-7590B98EB39B}
		{E90E0385-7812-4F0A-BC9B-3339A01CE4B7} = {0AB3BF05-4346-4AA6-1389-037BE0695223}
		{466ED8D3-02BB-4FC0-94B7-CE199F38F676} = {0AB3BF05-4346-4AA6-1389-037BE0695223}
	EndGlobalSection
EndGlobal
